<?xml version="1.0" encoding="utf-8"?>
<Project ToolsVersion="4.0" xmlns="http://schemas.microsoft.com/developer/msbuild/2003">
  <ItemGroup>
    <Filter Include="components">
      <UniqueIdentifier>{c1dbe1e4-db2a-4fc8-926e-1aef49a7a9d4}</UniqueIdentifier>
    </Filter>
    <Filter Include="src">
      <UniqueIdentifier>{4FC737F1-C7A5-4376-A066-2A32D752A2FF}</UniqueIdentifier>
      <Extensions>cpp;c;cc;cxx;c++;cppm;ixx;def;odl;idl;hpj;bat;asm;asmx</Extensions>
    </Filter>
  </ItemGroup>
  <ItemGroup>
    <ClCompile Include="main.cpp">
      <Filter>src</Filter>
    </ClCompile>
    <ClCompile Include="te-fz-bypass.cpp">
      <Filter>components</Filter>
    </ClCompile>
    <ClCompile Include="te-rce-protection.cpp">
      <Filter>components</Filter>
    </ClCompile>
  </ItemGroup>
  <ItemGroup>
    <ClInclude Include="te-fz-bypass.h">
      <Filter>components</Filter>
    </ClInclude>
    <ClInclude Include="te-rce-protection.h">
      <Filter>components</Filter>
    </ClInclude>
  </ItemGroup>
</Project>